[0m[1mdata.aws_ami.al2: Reading...[0m[0m
[0m[1mdata.aws_ami.al2: Read complete after 0s [id=ami-0ad8de99ac93341e7][0m

Terraform used the selected providers to generate the following execution
plan. Resource actions are indicated with the following symbols:
  [32m+[0m create[0m

Terraform will perform the following actions:

[1m  # aws_iam_instance_profile.profile[0m will be created
[0m  [32m+[0m[0m resource "aws_iam_instance_profile" "profile" {
      [32m+[0m[0m arn         = (known after apply)
      [32m+[0m[0m create_date = (known after apply)
      [32m+[0m[0m id          = (known after apply)
      [32m+[0m[0m name        = (known after apply)
      [32m+[0m[0m name_prefix = (known after apply)
      [32m+[0m[0m path        = "/"
      [32m+[0m[0m role        = (known after apply)
      [32m+[0m[0m tags        = {
          [32m+[0m[0m "cis_controls" = "SSM.1"
          [32m+[0m[0m "domain"       = "CMP"
          [32m+[0m[0m "scenario_id"  = "CMP-BENIGN-001-ssm-enabled-on-ec2"
          [32m+[0m[0m "type"         = "BENIGN"
        }
      [32m+[0m[0m tags_all    = {
          [32m+[0m[0m "cis_controls" = "SSM.1"
          [32m+[0m[0m "domain"       = "CMP"
          [32m+[0m[0m "scenario_id"  = "CMP-BENIGN-001-ssm-enabled-on-ec2"
          [32m+[0m[0m "type"         = "BENIGN"
        }
      [32m+[0m[0m unique_id   = (known after apply)
    }

[1m  # aws_iam_role.ssm_role[0m will be created
[0m  [32m+[0m[0m resource "aws_iam_role" "ssm_role" {
      [32m+[0m[0m arn                   = (known after apply)
      [32m+[0m[0m assume_role_policy    = jsonencode(
            {
              [32m+[0m[0m Statement = [
                  [32m+[0m[0m {
                      [32m+[0m[0m Action    = "sts:AssumeRole"
                      [32m+[0m[0m Effect    = "Allow"
                      [32m+[0m[0m Principal = {
                          [32m+[0m[0m Service = "ec2.amazonaws.com"
                        }
                    },
                ]
              [32m+[0m[0m Version   = "2012-10-17"
            }
        )
      [32m+[0m[0m create_date           = (known after apply)
      [32m+[0m[0m force_detach_policies = false
      [32m+[0m[0m id                    = (known after apply)
      [32m+[0m[0m managed_policy_arns   = (known after apply)
      [32m+[0m[0m max_session_duration  = 3600
      [32m+[0m[0m name                  = (known after apply)
      [32m+[0m[0m name_prefix           = (known after apply)
      [32m+[0m[0m path                  = "/"
      [32m+[0m[0m tags                  = {
          [32m+[0m[0m "cis_controls" = "SSM.1"
          [32m+[0m[0m "domain"       = "CMP"
          [32m+[0m[0m "scenario_id"  = "CMP-BENIGN-001-ssm-enabled-on-ec2"
          [32m+[0m[0m "type"         = "BENIGN"
        }
      [32m+[0m[0m tags_all              = {
          [32m+[0m[0m "cis_controls" = "SSM.1"
          [32m+[0m[0m "domain"       = "CMP"
          [32m+[0m[0m "scenario_id"  = "CMP-BENIGN-001-ssm-enabled-on-ec2"
          [32m+[0m[0m "type"         = "BENIGN"
        }
      [32m+[0m[0m unique_id             = (known after apply)

      [32m+[0m[0m inline_policy (known after apply)
    }

[1m  # aws_iam_role_policy_attachment.ssm_core[0m will be created
[0m  [32m+[0m[0m resource "aws_iam_role_policy_attachment" "ssm_core" {
      [32m+[0m[0m id         = (known after apply)
      [32m+[0m[0m policy_arn = "arn:aws:iam::aws:policy/AmazonSSMManagedInstanceCore"
      [32m+[0m[0m role       = (known after apply)
    }

[1m  # aws_instance.ec2[0m will be created
[0m  [32m+[0m[0m resource "aws_instance" "ec2" {
      [32m+[0m[0m ami                                  = "ami-0ad8de99ac93341e7"
      [32m+[0m[0m arn                                  = (known after apply)
      [32m+[0m[0m associate_public_ip_address          = false
      [32m+[0m[0m availability_zone                    = (known after apply)
      [32m+[0m[0m cpu_core_count                       = (known after apply)
      [32m+[0m[0m cpu_threads_per_core                 = (known after apply)
      [32m+[0m[0m disable_api_stop                     = (known after apply)
      [32m+[0m[0m disable_api_termination              = (known after apply)
      [32m+[0m[0m ebs_optimized                        = (known after apply)
      [32m+[0m[0m enable_primary_ipv6                  = (known after apply)
      [32m+[0m[0m get_password_data                    = false
      [32m+[0m[0m host_id                              = (known after apply)
      [32m+[0m[0m host_resource_group_arn              = (known after apply)
      [32m+[0m[0m iam_instance_profile                 = (known after apply)
      [32m+[0m[0m id                                   = (known after apply)
      [32m+[0m[0m instance_initiated_shutdown_behavior = (known after apply)
      [32m+[0m[0m instance_lifecycle                   = (known after apply)
      [32m+[0m[0m instance_state                       = (known after apply)
      [32m+[0m[0m instance_type                        = "t3.micro"
      [32m+[0m[0m ipv6_address_count                   = (known after apply)
      [32m+[0m[0m ipv6_addresses                       = (known after apply)
      [32m+[0m[0m key_name                             = (known after apply)
      [32m+[0m[0m monitoring                           = (known after apply)
      [32m+[0m[0m outpost_arn                          = (known after apply)
      [32m+[0m[0m password_data                        = (known after apply)
      [32m+[0m[0m placement_group                      = (known after apply)
      [32m+[0m[0m placement_partition_number           = (known after apply)
      [32m+[0m[0m primary_network_interface_id         = (known after apply)
      [32m+[0m[0m private_dns                          = (known after apply)
      [32m+[0m[0m private_ip                           = (known after apply)
      [32m+[0m[0m public_dns                           = (known after apply)
      [32m+[0m[0m public_ip                            = (known after apply)
      [32m+[0m[0m secondary_private_ips                = (known after apply)
      [32m+[0m[0m security_groups                      = (known after apply)
      [32m+[0m[0m source_dest_check                    = true
      [32m+[0m[0m spot_instance_request_id             = (known after apply)
      [32m+[0m[0m subnet_id                            = (known after apply)
      [32m+[0m[0m tags                                 = {
          [32m+[0m[0m "cis_controls" = "SSM.1"
          [32m+[0m[0m "domain"       = "CMP"
          [32m+[0m[0m "scenario_id"  = "CMP-BENIGN-001-ssm-enabled-on-ec2"
          [32m+[0m[0m "type"         = "BENIGN"
        }
      [32m+[0m[0m tags_all                             = {
          [32m+[0m[0m "cis_controls" = "SSM.1"
          [32m+[0m[0m "domain"       = "CMP"
          [32m+[0m[0m "scenario_id"  = "CMP-BENIGN-001-ssm-enabled-on-ec2"
          [32m+[0m[0m "type"         = "BENIGN"
        }
      [32m+[0m[0m tenancy                              = (known after apply)
      [32m+[0m[0m user_data                            = (known after apply)
      [32m+[0m[0m user_data_base64                     = (known after apply)
      [32m+[0m[0m user_data_replace_on_change          = false
      [32m+[0m[0m vpc_security_group_ids               = (known after apply)

      [32m+[0m[0m capacity_reservation_specification (known after apply)

      [32m+[0m[0m cpu_options (known after apply)

      [32m+[0m[0m ebs_block_device (known after apply)

      [32m+[0m[0m enclave_options (known after apply)

      [32m+[0m[0m ephemeral_block_device (known after apply)

      [32m+[0m[0m instance_market_options (known after apply)

      [32m+[0m[0m maintenance_options (known after apply)

      [32m+[0m[0m metadata_options (known after apply)

      [32m+[0m[0m network_interface (known after apply)

      [32m+[0m[0m private_dns_name_options (known after apply)

      [32m+[0m[0m root_block_device (known after apply)
    }

[1m  # aws_security_group.sg[0m will be created
[0m  [32m+[0m[0m resource "aws_security_group" "sg" {
      [32m+[0m[0m arn                    = (known after apply)
      [32m+[0m[0m description            = "Managed by Terraform"
      [32m+[0m[0m egress                 = [
          [32m+[0m[0m {
              [32m+[0m[0m cidr_blocks      = [
                  [32m+[0m[0m "0.0.0.0/0",
                ]
              [32m+[0m[0m from_port        = 0
              [32m+[0m[0m ipv6_cidr_blocks = []
              [32m+[0m[0m prefix_list_ids  = []
              [32m+[0m[0m protocol         = "-1"
              [32m+[0m[0m security_groups  = []
              [32m+[0m[0m self             = false
              [32m+[0m[0m to_port          = 0
                [90m# (1 unchanged attribute hidden)[0m[0m
            },
        ]
      [32m+[0m[0m id                     = (known after apply)
      [32m+[0m[0m ingress                = (known after apply)
      [32m+[0m[0m name                   = (known after apply)
      [32m+[0m[0m name_prefix            = (known after apply)
      [32m+[0m[0m owner_id               = (known after apply)
      [32m+[0m[0m revoke_rules_on_delete = false
      [32m+[0m[0m tags                   = {
          [32m+[0m[0m "cis_controls" = "SSM.1"
          [32m+[0m[0m "domain"       = "CMP"
          [32m+[0m[0m "scenario_id"  = "CMP-BENIGN-001-ssm-enabled-on-ec2"
          [32m+[0m[0m "type"         = "BENIGN"
        }
      [32m+[0m[0m tags_all               = {
          [32m+[0m[0m "cis_controls" = "SSM.1"
          [32m+[0m[0m "domain"       = "CMP"
          [32m+[0m[0m "scenario_id"  = "CMP-BENIGN-001-ssm-enabled-on-ec2"
          [32m+[0m[0m "type"         = "BENIGN"
        }
      [32m+[0m[0m vpc_id                 = (known after apply)
    }

[1m  # aws_subnet.private[0m will be created
[0m  [32m+[0m[0m resource "aws_subnet" "private" {
      [32m+[0m[0m arn                                            = (known after apply)
      [32m+[0m[0m assign_ipv6_address_on_creation                = false
      [32m+[0m[0m availability_zone                              = "eu-west-2a"
      [32m+[0m[0m availability_zone_id                           = (known after apply)
      [32m+[0m[0m cidr_block                                     = "10.61.1.0/24"
      [32m+[0m[0m enable_dns64                                   = false
      [32m+[0m[0m enable_resource_name_dns_a_record_on_launch    = false
      [32m+[0m[0m enable_resource_name_dns_aaaa_record_on_launch = false
      [32m+[0m[0m id                                             = (known after apply)
      [32m+[0m[0m ipv6_cidr_block_association_id                 = (known after apply)
      [32m+[0m[0m ipv6_native                                    = false
      [32m+[0m[0m map_public_ip_on_launch                        = false
      [32m+[0m[0m owner_id                                       = (known after apply)
      [32m+[0m[0m private_dns_hostname_type_on_launch            = (known after apply)
      [32m+[0m[0m tags                                           = {
          [32m+[0m[0m "cis_controls" = "SSM.1"
          [32m+[0m[0m "domain"       = "CMP"
          [32m+[0m[0m "scenario_id"  = "CMP-BENIGN-001-ssm-enabled-on-ec2"
          [32m+[0m[0m "type"         = "BENIGN"
        }
      [32m+[0m[0m tags_all                                       = {
          [32m+[0m[0m "cis_controls" = "SSM.1"
          [32m+[0m[0m "domain"       = "CMP"
          [32m+[0m[0m "scenario_id"  = "CMP-BENIGN-001-ssm-enabled-on-ec2"
          [32m+[0m[0m "type"         = "BENIGN"
        }
      [32m+[0m[0m vpc_id                                         = (known after apply)
    }

[1m  # aws_vpc.vpc[0m will be created
[0m  [32m+[0m[0m resource "aws_vpc" "vpc" {
      [32m+[0m[0m arn                                  = (known after apply)
      [32m+[0m[0m cidr_block                           = "10.61.0.0/16"
      [32m+[0m[0m default_network_acl_id               = (known after apply)
      [32m+[0m[0m default_route_table_id               = (known after apply)
      [32m+[0m[0m default_security_group_id            = (known after apply)
      [32m+[0m[0m dhcp_options_id                      = (known after apply)
      [32m+[0m[0m enable_dns_hostnames                 = true
      [32m+[0m[0m enable_dns_support                   = true
      [32m+[0m[0m enable_network_address_usage_metrics = (known after apply)
      [32m+[0m[0m id                                   = (known after apply)
      [32m+[0m[0m instance_tenancy                     = "default"
      [32m+[0m[0m ipv6_association_id                  = (known after apply)
      [32m+[0m[0m ipv6_cidr_block                      = (known after apply)
      [32m+[0m[0m ipv6_cidr_block_network_border_group = (known after apply)
      [32m+[0m[0m main_route_table_id                  = (known after apply)
      [32m+[0m[0m owner_id                             = (known after apply)
      [32m+[0m[0m tags                                 = {
          [32m+[0m[0m "cis_controls" = "SSM.1"
          [32m+[0m[0m "domain"       = "CMP"
          [32m+[0m[0m "scenario_id"  = "CMP-BENIGN-001-ssm-enabled-on-ec2"
          [32m+[0m[0m "type"         = "BENIGN"
        }
      [32m+[0m[0m tags_all                             = {
          [32m+[0m[0m "cis_controls" = "SSM.1"
          [32m+[0m[0m "domain"       = "CMP"
          [32m+[0m[0m "scenario_id"  = "CMP-BENIGN-001-ssm-enabled-on-ec2"
          [32m+[0m[0m "type"         = "BENIGN"
        }
    }

[1m  # random_id.suffix[0m will be created
[0m  [32m+[0m[0m resource "random_id" "suffix" {
      [32m+[0m[0m b64_std     = (known after apply)
      [32m+[0m[0m b64_url     = (known after apply)
      [32m+[0m[0m byte_length = 4
      [32m+[0m[0m dec         = (known after apply)
      [32m+[0m[0m hex         = (known after apply)
      [32m+[0m[0m id          = (known after apply)
    }

[1mPlan:[0m [0m8 to add, 0 to change, 0 to destroy.
[90m
─────────────────────────────────────────────────────────────────────────────[0m

Saved the plan to: tfplan.binary

To perform exactly these actions, run the following command to apply:
    terraform apply "tfplan.binary"
