
Terraform used the selected providers to generate the following execution
plan. Resource actions are indicated with the following symbols:
  [32m+[0m create[0m

Terraform will perform the following actions:

[1m  # aws_s3_bucket.bucket[0m will be created
[0m  [32m+[0m[0m resource "aws_s3_bucket" "bucket" {
      [32m+[0m[0m acceleration_status         = (known after apply)
      [32m+[0m[0m acl                         = (known after apply)
      [32m+[0m[0m arn                         = (known after apply)
      [32m+[0m[0m bucket                      = (known after apply)
      [32m+[0m[0m bucket_domain_name          = (known after apply)
      [32m+[0m[0m bucket_prefix               = (known after apply)
      [32m+[0m[0m bucket_regional_domain_name = (known after apply)
      [32m+[0m[0m force_destroy               = true
      [32m+[0m[0m hosted_zone_id              = (known after apply)
      [32m+[0m[0m id                          = (known after apply)
      [32m+[0m[0m object_lock_enabled         = (known after apply)
      [32m+[0m[0m policy                      = (known after apply)
      [32m+[0m[0m region                      = (known after apply)
      [32m+[0m[0m request_payer               = (known after apply)
      [32m+[0m[0m tags                        = {
          [32m+[0m[0m "cis_controls" = "S3.9"
          [32m+[0m[0m "domain"       = "STO"
          [32m+[0m[0m "scenario_id"  = "STO-MISC-004-s3-access-logging-disabled"
          [32m+[0m[0m "type"         = "MISC"
        }
      [32m+[0m[0m tags_all                    = {
          [32m+[0m[0m "cis_controls" = "S3.9"
          [32m+[0m[0m "domain"       = "STO"
          [32m+[0m[0m "scenario_id"  = "STO-MISC-004-s3-access-logging-disabled"
          [32m+[0m[0m "type"         = "MISC"
        }
      [32m+[0m[0m website_domain              = (known after apply)
      [32m+[0m[0m website_endpoint            = (known after apply)

      [32m+[0m[0m cors_rule (known after apply)

      [32m+[0m[0m grant (known after apply)

      [32m+[0m[0m lifecycle_rule (known after apply)

      [32m+[0m[0m logging (known after apply)

      [32m+[0m[0m object_lock_configuration (known after apply)

      [32m+[0m[0m replication_configuration (known after apply)

      [32m+[0m[0m server_side_encryption_configuration (known after apply)

      [32m+[0m[0m versioning (known after apply)

      [32m+[0m[0m website (known after apply)
    }

[1m  # aws_s3_bucket_public_access_block.block[0m will be created
[0m  [32m+[0m[0m resource "aws_s3_bucket_public_access_block" "block" {
      [32m+[0m[0m block_public_acls       = true
      [32m+[0m[0m block_public_policy     = true
      [32m+[0m[0m bucket                  = (known after apply)
      [32m+[0m[0m id                      = (known after apply)
      [32m+[0m[0m ignore_public_acls      = true
      [32m+[0m[0m restrict_public_buckets = true
    }

[1m  # aws_s3_bucket_server_side_encryption_configuration.encrypt[0m will be created
[0m  [32m+[0m[0m resource "aws_s3_bucket_server_side_encryption_configuration" "encrypt" {
      [32m+[0m[0m bucket = (known after apply)
      [32m+[0m[0m id     = (known after apply)

      [32m+[0m[0m rule {
          [32m+[0m[0m apply_server_side_encryption_by_default {
              [32m+[0m[0m sse_algorithm     = "AES256"
                [90m# (1 unchanged attribute hidden)[0m[0m
            }
        }
    }

[1m  # aws_s3_bucket_versioning.versioning[0m will be created
[0m  [32m+[0m[0m resource "aws_s3_bucket_versioning" "versioning" {
      [32m+[0m[0m bucket = (known after apply)
      [32m+[0m[0m id     = (known after apply)

      [32m+[0m[0m versioning_configuration {
          [32m+[0m[0m mfa_delete = (known after apply)
          [32m+[0m[0m status     = "Enabled"
        }
    }

[1m  # random_id.suffix[0m will be created
[0m  [32m+[0m[0m resource "random_id" "suffix" {
      [32m+[0m[0m b64_std     = (known after apply)
      [32m+[0m[0m b64_url     = (known after apply)
      [32m+[0m[0m byte_length = 4
      [32m+[0m[0m dec         = (known after apply)
      [32m+[0m[0m hex         = (known after apply)
      [32m+[0m[0m id          = (known after apply)
    }

[1mPlan:[0m [0m5 to add, 0 to change, 0 to destroy.
[90m
─────────────────────────────────────────────────────────────────────────────[0m

Saved the plan to: tfplan.binary

To perform exactly these actions, run the following command to apply:
    terraform apply "tfplan.binary"
